// !$*UTF8*$!
{
	archiveVersion = 1;
	classes = {
	};
	objectVersion = 77;
	objects = {

/* Begin PBXContainerItemProxy section */
		139CCA012F20084F0055F485 /* PBXContainerItemProxy */ = {
			isa = PBXContainerItemProxy;
			containerPortal = 139CC9E22F20084C0055F485 /* Project object */;
			proxyType = 1;
			remoteGlobalIDString = 139CC9E92F20084C0055F485;
			remoteInfo = ModernImageSearchUIKit;
		};
		139CCA0B2F20084F0055F485 /* PBXContainerItemProxy */ = {
			isa = PBXContainerItemProxy;
			containerPortal = 139CC9E22F20084C0055F485 /* Project object */;
			proxyType = 1;
			remoteGlobalIDString = 139CC9E92F20084C0055F485;
			remoteInfo = ModernImageSearchUIKit;
		};
/* End PBXContainerItemProxy section */

/* Begin PBXFileReference section */
		139CC9EA2F20084C0055F485 /* ModernImageSearchUIKit.app */ = {isa = PBXFileReference; explicitFileType = wrapper.application; includeInIndex = 0; path = ModernImageSearchUIKit.app; sourceTree = BUILT_PRODUCTS_DIR; };
		139CCA002F20084F0055F485 /* ModernImageSearchUIKitTests.xctest */ = {isa = PBXFileReference; explicitFileType = wrapper.cfbundle; includeInIndex = 0; path = ModernImageSearchUIKitTests.xctest; sourceTree = BUILT_PRODUCTS_DIR; };
		139CCA0A2F20084F0055F485 /* ModernImageSearchUIKitUITests.xctest */ = {isa = PBXFileReference; explicitFileType = wrapper.cfbundle; includeInIndex = 0; path = ModernImageSearchUIKitUITests.xctest; sourceTree = BUILT_PRODUCTS_DIR; };
/* End PBXFileReference section */

/* Begin PBXFileSystemSynchronizedBuildFileExceptionSet section */
		139CCA122F20084F0055F485 /* Exceptions for "ModernImageSearchUIKit" folder in "ModernImageSearchUIKit" target */ = {
			isa = PBXFileSystemSynchronizedBuildFileExceptionSet;
			membershipExceptions = (
				Info.plist,
			);
			target = 139CC9E92F20084C0055F485 /* ModernImageSearchUIKit */;
		};
/* End PBXFileSystemSynchronizedBuildFileExceptionSet section */

/* Begin PBXFileSystemSynchronizedRootGroup section */
		139CC9EC2F20084C0055F485 /* ModernImageSearchUIKit */ = {
			isa = PBXFileSystemSynchronizedRootGroup;
			exceptions = (
				139CCA122F20084F0055F485 /* Exceptions for "ModernImageSearchUIKit" folder in "ModernImageSearchUIKit" target */,
			);
			path = ModernImageSearchUIKit;
			sourceTree = "<group>";
		};
		139CCA032F20084F0055F485 /* ModernImageSearchUIKitTests */ = {
			isa = PBXFileSystemSynchronizedRootGroup;
			path = ModernImageSearchUIKitTests;
			sourceTree = "<group>";
		};
		139CCA0D2F20084F0055F485 /* ModernImageSearchUIKitUITests */ = {
			isa = PBXFileSystemSynchronizedRootGroup;
			path = ModernImageSearchUIKitUITests;
			sourceTree = "<group>";
		};
/* End PBXFileSystemSynchronizedRootGroup section */

/* Begin PBXFrameworksBuildPhase section */
		139CC9E72F20084C0055F485 /* Frameworks */ = {
			isa = PBXFrameworksBuildPhase;
			buildActionMask = 2147483647;
			files = (
			);
			runOnlyForDeploymentPostprocessing = 0;
		};
		139CC9FD2F20084F0055F485 /* Frameworks */ = {
			isa = PBXFrameworksBuildPhase;
			buildActionMask = 2147483647;
			files = (
			);
			runOnlyForDeploymentPostprocessing = 0;
		};
		139CCA072F20084F0055F485 /* Frameworks */ = {
			isa = PBXFrameworksBuildPhase;
			buildActionMask = 2147483647;
			files = (
			);
			runOnlyForDeploymentPostprocessing = 0;
		};
/* End PBXFrameworksBuildPhase section */

/* Begin PBXGroup section */
		139CC9E12F20084C0055F485 = {
			isa = PBXGroup;
			children = (
				139CC9EC2F20084C0055F485 /* ModernImageSearchUIKit */,
				139CCA032F20084F0055F485 /* ModernImageSearchUIKitTests */,
				139CCA0D2F20084F0055F485 /* ModernImageSearchUIKitUITests */,
				139CC9EB2F20084C0055F485 /* Products */,
			);
			sourceTree = "<group>";
		};
		139CC9EB2F20084C0055F485 /* Products */ = {
			isa = PBXGroup;
			children = (
				139CC9EA2F20084C0055F485 /* ModernImageSearchUIKit.app */,
				139CCA002F20084F0055F485 /* ModernImageSearchUIKitTests.xctest */,
				139CCA0A2F20084F0055F485 /* ModernImageSearchUIKitUITests.xctest */,
			);
			name = Products;
			sourceTree = "<group>";
		};
/* End PBXGroup section */

/* Begin PBXNativeTarget section */
		139CC9E92F20084C0055F485 /* ModernImageSearchUIKit */ = {
			isa = PBXNativeTarget;
			buildConfigurationList = 139CCA132F20084F0055F485 /* Build configuration list for PBXNativeTarget "ModernImageSearchUIKit" */;
			buildPhases = (
				139CC9E62F20084C0055F485 /* Sources */,
				139CC9E72F20084C0055F485 /* Frameworks */,
				139CC9E82F20084C0055F485 /* Resources */,
			);
			buildRules = (
			);
			dependencies = (
			);
			fileSystemSynchronizedGroups = (
				139CC9EC2F20084C0055F485 /* ModernImageSearchUIKit */,
			);
			name = ModernImageSearchUIKit;
			packageProductDependencies = (
			);
			productName = ModernImageSearchUIKit;
			productReference = 139CC9EA2F20084C0055F485 /* ModernImageSearchUIKit.app */;
			productType = "com.apple.product-type.application";
		};
		139CC9FF2F20084F0055F485 /* ModernImageSearchUIKitTests */ = {
			isa = PBXNativeTarget;
			buildConfigurationList = 139CCA182F20084F0055F485 /* Build configuration list for PBXNativeTarget "ModernImageSearchUIKitTests" */;
			buildPhases = (
				139CC9FC2F20084F0055F485 /* Sources */,
				139CC9FD2F20084F0055F485 /* Frameworks */,
				139CC9FE2F20084F0055F485 /* Resources */,
			);
			buildRules = (
			);
			dependencies = (
				139CCA022F20084F0055F485 /* PBXTargetDependency */,
			);
			fileSystemSynchronizedGroups = (
				139CCA032F20084F0055F485 /* ModernImageSearchUIKitTests */,
			);
			name = ModernImageSearchUIKitTests;
			packageProductDependencies = (
			);
			productName = ModernImageSearchUIKitTests;
			productReference = 139CCA002F20084F0055F485 /* ModernImageSearchUIKitTests.xctest */;
			productType = "com.apple.product-type.bundle.unit-test";
		};
		139CCA092F20084F0055F485 /* ModernImageSearchUIKitUITests */ = {
			isa = PBXNativeTarget;
			buildConfigurationList = 139CCA1B2F20084F0055F485 /* Build configuration list for PBXNativeTarget "ModernImageSearchUIKitUITests" */;
			buildPhases = (
				139CCA062F20084F0055F485 /* Sources */,
				139CCA072F20084F0055F485 /* Frameworks */,
				139CCA082F20084F0055F485 /* Resources */,
			);
			buildRules = (
			);
			dependencies = (
				139CCA0C2F20084F0055F485 /* PBXTargetDependency */,
			);
			fileSystemSynchronizedGroups = (
				139CCA0D2F20084F0055F485 /* ModernImageSearchUIKitUITests */,
			);
			name = ModernImageSearchUIKitUITests;
			packageProductDependencies = (
			);
			productName = ModernImageSearchUIKitUITests;
			productReference = 139CCA0A2F20084F0055F485 /* ModernImageSearchUIKitUITests.xctest */;
			productType = "com.apple.product-type.bundle.ui-testing";
		};
/* End PBXNativeTarget section */

/* Begin PBXProject section */
		139CC9E22F20084C0055F485 /* Project object */ = {
			isa = PBXProject;
			attributes = {
				BuildIndependentTargetsInParallel = 1;
				LastSwiftUpdateCheck = 2610;
				LastUpgradeCheck = 2610;
				TargetAttributes = {
					139CC9E92F20084C0055F485 = {
						CreatedOnToolsVersion = 26.1;
					};
					139CC9FF2F20084F0055F485 = {
						CreatedOnToolsVersion = 26.1;
						TestTargetID = 139CC9E92F20084C0055F485;
					};
					139CCA092F20084F0055F485 = {
						CreatedOnToolsVersion = 26.1;
						TestTargetID = 139CC9E92F20084C0055F485;
					};
				};
			};
			buildConfigurationList = 139CC9E52F20084C0055F485 /* Build configuration list for PBXProject "ModernImageSearchUIKit" */;
			developmentRegion = en;
			hasScannedForEncodings = 0;
			knownRegions = (
				en,
				Base,
			);
			mainGroup = 139CC9E12F20084C0055F485;
			minimizedProjectReferenceProxies = 1;
			preferredProjectObjectVersion = 77;
			productRefGroup = 139CC9EB2F20084C0055F485 /* Products */;
			projectDirPath = "";
			projectRoot = "";
			targets = (
				139CC9E92F20084C0055F485 /* ModernImageSearchUIKit */,
				139CC9FF2F20084F0055F485 /* ModernImageSearchUIKitTests */,
				139CCA092F20084F0055F485 /* ModernImageSearchUIKitUITests */,
			);
		};
/* End PBXProject section */

/* Begin PBXResourcesBuildPhase section */
		139CC9E82F20084C0055F485 /* Resources */ = {
			isa = PBXResourcesBuildPhase;
			buildActionMask = 2147483647;
			files = (
			);
			runOnlyForDeploymentPostprocessing = 0;
		};
		139CC9FE2F20084F0055F485 /* Resources */ = {
			isa = PBXResourcesBuildPhase;
			buildActionMask = 2147483647;
			files = (
			);
			runOnlyForDeploymentPostprocessing = 0;
		};
		139CCA082F20084F0055F485 /* Resources */ = {
			isa = PBXResourcesBuildPhase;
			buildActionMask = 2147483647;
			files = (
			);
			runOnlyForDeploymentPostprocessing = 0;
		};
/* End PBXResourcesBuildPhase section */

/* Begin PBXSourcesBuildPhase section */
		139CC9E62F20084C0055F485 /* Sources */ = {
			isa = PBXSourcesBuildPhase;
			buildActionMask = 2147483647;
			files = (
			);
			runOnlyForDeploymentPostprocessing = 0;
		};
		139CC9FC2F20084F0055F485 /* Sources */ = {
			isa = PBXSourcesBuildPhase;
			buildActionMask = 2147483647;
			files = (
			);
			runOnlyForDeploymentPostprocessing = 0;
		};
		139CCA062F20084F0055F485 /* Sources */ = {
			isa = PBXSourcesBuildPhase;
			buildActionMask = 2147483647;
			files = (
			);
			runOnlyForDeploymentPostprocessing = 0;
		};
/* End PBXSourcesBuildPhase section */

/* Begin PBXTargetDependency section */
		139CCA022F20084F0055F485 /* PBXTargetDependency */ = {
			isa = PBXTargetDependency;
			target = 139CC9E92F20084C0055F485 /* ModernImageSearchUIKit */;
			targetProxy = 139CCA012F20084F0055F485 /* PBXContainerItemProxy */;
		};
		139CCA0C2F20084F0055F485 /* PBXTargetDependency */ = {
			isa = PBXTargetDependency;
			target = 139CC9E92F20084C0055F485 /* ModernImageSearchUIKit */;
			targetProxy = 139CCA0B2F20084F0055F485 /* PBXContainerItemProxy */;
		};
/* End PBXTargetDependency section */

/* Begin XCBuildConfiguration section */
		139CCA142F20084F0055F485 /* Debug */ = {
			isa = XCBuildConfiguration;
			buildSettings = {
				ASSETCATALOG_COMPILER_APPICON_NAME = AppIcon;
				ASSETCATALOG_COMPILER_GLOBAL_ACCENT_COLOR_NAME = AccentColor;
				CODE_SIGN_STYLE = Automatic;
				CURRENT_PROJECT_VERSION = 1;
				GENERATE_INFOPLIST_FILE = YES;
				INFOPLIST_FILE = ModernImageSearchUIKit/Info.plist;
				INFOPLIST_KEY_UIApplicationSupportsIndirectInputEvents = YES;
				INFOPLIST_KEY_UILaunchStoryboardName = LaunchScreen;
				INFOPLIST_KEY_UISupportedInterfaceOrientations_iPad = "UIInterfaceOrientationPortrait UIInterfaceOrientationPortraitUpsideDown UIInterfaceOrientationLandscapeLeft UIInterfaceOrientationLandscapeRight";
				INFOPLIST_KEY_UISupportedInterfaceOrientations_iPhone = "UIInterfaceOrientationPortrait UIInterfaceOrientationLandscapeLeft UIInterfaceOrientationLandscapeRight";
				LD_RUNPATH_SEARCH_PATHS = (
					"$(inherited)",
					"@executable_path/Frameworks",
				);
				MARKETING_VERSION = 1.0;
				PRODUCT_BUNDLE_IDENTIFIER = com.sirwellington.ModernImageSearchUIKit;
				PRODUCT_NAME = "$(TARGET_NAME)";
				STRING_CATALOG_GENERATE_SYMBOLS = YES;
				SWIFT_APPROACHABLE_CONCURRENCY = YES;
				SWIFT_DEFAULT_ACTOR_ISOLATION = MainActor;
				SWIFT_EMIT_LOC_STRINGS = YES;
				SWIFT_UPCOMING_FEATURE_MEMBER_IMPORT_VISIBILITY = YES;
				SWIFT_VERSION = 5.0;
				TARGETED_DEVICE_FAMILY = "1,2";
			};
			name = Debug;
		};
		139CCA152F20084F0055F485 /* Release */ = {
			isa = XCBuildConfiguration;
			buildSettings = {
				ASSETCATALOG_COMPILER_APPICON_NAME = AppIcon;
				ASSETCATALOG_COMPILER_GLOBAL_ACCENT_COLOR_NAME = AccentColor;
				CODE_SIGN_STYLE = Automatic;
				CURRENT_PROJECT_VERSION = 1;
				GENERATE_INFOPLIST_FILE = YES;
				INFOPLIST_FILE = ModernImageSearchUIKit/Info.plist;
				INFOPLIST_KEY_UIApplicationSupportsIndirectInputEvents = YES;
				INFOPLIST_KEY_UILaunchStoryboardName = LaunchScreen;
				INFOPLIST_KEY_UISupportedInterfaceOrientations_iPad = "UIInterfaceOrientationPortrait UIInterfaceOrientationPortraitUpsideDown UIInterfaceOrientationLandscapeLeft UIInterfaceOrientationLandscapeRight";
				INFOPLIST_KEY_UISupportedInterfaceOrientations_iPhone = "UIInterfaceOrientationPortrait UIInterfaceOrientationLandscapeLeft UIInterfaceOrientationLandscapeRight";
				LD_RUNPATH_SEARCH_PATHS = (
					"$(inherited)",
					"@executable_path/Frameworks",
				);
				MARKETING_VERSION = 1.0;
				PRODUCT_BUNDLE_IDENTIFIER = com.sirwellington.ModernImageSearchUIKit;
				PRODUCT_NAME = "$(TARGET_NAME)";
				STRING_CATALOG_GENERATE_SYMBOLS = YES;
				SWIFT_APPROACHABLE_CONCURRENCY = YES;
				SWIFT_DEFAULT_ACTOR_ISOLATION = MainActor;
				SWIFT_EMIT_LOC_STRINGS = YES;
				SWIFT_UPCOMING_FEATURE_MEMBER_IMPORT_VISIBILITY = YES;
				SWIFT_VERSION = 5.0;
				TARGETED_DEVICE_FAMILY = "1,2";
			};
			name = Release;
		};
		139CCA162F20084F0055F485 /* Debug */ = {
			isa = XCBuildConfiguration;
			buildSettings = {
				ALWAYS_SEARCH_USER_PATHS = NO;
				ASSETCATALOG_COMPILER_GENERATE_SWIFT_ASSET_SYMBOL_EXTENSIONS = YES;
				CLANG_ANALYZER_NONNULL = YES;
				CLANG_ANALYZER_NUMBER_OBJECT_CONVERSION = YES_AGGRESSIVE;
				CLANG_CXX_LANGUAGE_STANDARD = "gnu++20";
				CLANG_ENABLE_MODULES = YES;
				CLANG_ENABLE_OBJC_ARC = YES;
				CLANG_ENABLE_OBJC_WEAK = YES;
				CLANG_WARN_BLOCK_CAPTURE_AUTORELEASING = YES;
				CLANG_WARN_BOOL_CONVERSION = YES;
				CLANG_WARN_COMMA = YES;
				CLANG_WARN_CONSTANT_CONVERSION = YES;
				CLANG_WARN_DEPRECATED_OBJC_IMPLEMENTATIONS = YES;
				CLANG_WARN_DIRECT_OBJC_ISA_USAGE = YES_ERROR;
				CLANG_WARN_DOCUMENTATION_COMMENTS = YES;
				CLANG_WARN_EMPTY_BODY = YES;
				CLANG_WARN_ENUM_CONVERSION = YES;
				CLANG_WARN_INFINITE_RECURSION = YES;
				CLANG_WARN_INT_CONVERSION = YES;
				CLANG_WARN_NON_LITERAL_NULL_CONVERSION = YES;
				CLANG_WARN_OBJC_IMPLICIT_RETAIN_SELF = YES;
				CLANG_WARN_OBJC_LITERAL_CONVERSION = YES;
				CLANG_WARN_OBJC_ROOT_CLASS = YES_ERROR;
				CLANG_WARN_QUOTED_INCLUDE_IN_FRAMEWORK_HEADER = YES;
				CLANG_WARN_RANGE_LOOP_ANALYSIS = YES;
				CLANG_WARN_STRICT_PROTOTYPES = YES;
				CLANG_WARN_SUSPICIOUS_MOVE = YES;
				CLANG_WARN_UNGUARDED_AVAILABILITY = YES_AGGRESSIVE;
				CLANG_WARN_UNREACHABLE_CODE = YES;
				CLANG_WARN__DUPLICATE_METHOD_MATCH = YES;
				COPY_PHASE_STRIP = NO;
				DEBUG_INFORMATION_FORMAT = dwarf;
				ENABLE_STRICT_OBJC_MSGSEND = YES;
				ENABLE_TESTABILITY = YES;
				ENABLE_USER_SCRIPT_SANDBOXING = YES;
				GCC_C_LANGUAGE_STANDARD = gnu17;
				GCC_DYNAMIC_NO_PIC = NO;
				GCC_NO_COMMON_BLOCKS = YES;
				GCC_OPTIMIZATION_LEVEL = 0;
				GCC_PREPROCESSOR_DEFINITIONS = (
					"DEBUG=1",
					"$(inherited)",
				);
				GCC_WARN_64_TO_32_BIT_CONVERSION = YES;
				GCC_WARN_ABOUT_RETURN_TYPE = YES_ERROR;
				GCC_WARN_UNDECLARED_SELECTOR = YES;
				GCC_WARN_UNINITIALIZED_AUTOS = YES_AGGRESSIVE;
				GCC_WARN_UNUSED_FUNCTION = YES;
				GCC_WARN_UNUSED_VARIABLE = YES;
				IPHONEOS_DEPLOYMENT_TARGET = 26.1;
				LOCALIZATION_PREFERS_STRING_CATALOGS = YES;
				MTL_ENABLE_DEBUG_INFO = INCLUDE_SOURCE;
				MTL_FAST_MATH = YES;
				ONLY_ACTIVE_ARCH = YES;
				SDKROOT = iphoneos;
				SWIFT_ACTIVE_COMPILATION_CONDITIONS = "DEBUG $(inherited)";
				SWIFT_OPTIMIZATION_LEVEL = "-Onone";
			};
			name = Debug;
		};
		139CCA172F20084F0055F485 /* Release */ = {
			isa = XCBuildConfiguration;
			buildSettings = {
				ALWAYS_SEARCH_USER_PATHS = NO;
				ASSETCATALOG_COMPILER_GENERATE_SWIFT_ASSET_SYMBOL_EXTENSIONS = YES;
				CLANG_ANALYZER_NONNULL = YES;
				CLANG_ANALYZER_NUMBER_OBJECT_CONVERSION = YES_AGGRESSIVE;
				CLANG_CXX_LANGUAGE_STANDARD = "gnu++20";
				CLANG_ENABLE_MODULES = YES;
				CLANG_ENABLE_OBJC_ARC = YES;
				CLANG_ENABLE_OBJC_WEAK = YES;
				CLANG_WARN_BLOCK_CAPTURE_AUTORELEASING = YES;
				CLANG_WARN_BOOL_CONVERSION = YES;
				CLANG_WARN_COMMA = YES;
				CLANG_WARN_CONSTANT_CONVERSION = YES;
				CLANG_WARN_DEPRECATED_OBJC_IMPLEMENTATIONS = YES;
				CLANG_WARN_DIRECT_OBJC_ISA_USAGE = YES_ERROR;
				CLANG_WARN_DOCUMENTATION_COMMENTS = YES;
				CLANG_WARN_EMPTY_BODY = YES;
				CLANG_WARN_ENUM_CONVERSION = YES;
				CLANG_WARN_INFINITE_RECURSION = YES;
				CLANG_WARN_INT_CONVERSION = YES;
				CLANG_WARN_NON_LITERAL_NULL_CONVERSION = YES;
				CLANG_WARN_OBJC_IMPLICIT_RETAIN_SELF = YES;
				CLANG_WARN_OBJC_LITERAL_CONVERSION = YES;
				CLANG_WARN_OBJC_ROOT_CLASS = YES_ERROR;
				CLANG_WARN_QUOTED_INCLUDE_IN_FRAMEWORK_HEADER = YES;
				CLANG_WARN_RANGE_LOOP_ANALYSIS = YES;
				CLANG_WARN_STRICT_PROTOTYPES = YES;
				CLANG_WARN_SUSPICIOUS_MOVE = YES;
				CLANG_WARN_UNGUARDED_AVAILABILITY = YES_AGGRESSIVE;
				CLANG_WARN_UNREACHABLE_CODE = YES;
				CLANG_WARN__DUPLICATE_METHOD_MATCH = YES;
				COPY_PHASE_STRIP = NO;
				DEBUG_INFORMATION_FORMAT = "dwarf-with-dsym";
				ENABLE_NS_ASSERTIONS = NO;
				ENABLE_STRICT_OBJC_MSGSEND = YES;
				ENABLE_USER_SCRIPT_SANDBOXING = YES;
				GCC_C_LANGUAGE_STANDARD = gnu17;
				GCC_NO_COMMON_BLOCKS = YES;
				GCC_WARN_64_TO_32_BIT_CONVERSION = YES;
				GCC_WARN_ABOUT_RETURN_TYPE = YES_ERROR;
				GCC_WARN_UNDECLARED_SELECTOR = YES;
				GCC_WARN_UNINITIALIZED_AUTOS = YES_AGGRESSIVE;
				GCC_WARN_UNUSED_FUNCTION = YES;
				GCC_WARN_UNUSED_VARIABLE = YES;
				IPHONEOS_DEPLOYMENT_TARGET = 26.1;
				LOCALIZATION_PREFERS_STRING_CATALOGS = YES;
				MTL_ENABLE_DEBUG_INFO = NO;
				MTL_FAST_MATH = YES;
				SDKROOT = iphoneos;
				SWIFT_COMPILATION_MODE = wholemodule;
				VALIDATE_PRODUCT = YES;
			};
			name = Release;
		};
		139CCA192F20084F0055F485 /* Debug */ = {
			isa = XCBuildConfiguration;
			buildSettings = {
				BUNDLE_LOADER = "$(TEST_HOST)";
				CODE_SIGN_STYLE = Automatic;
				CURRENT_PROJECT_VERSION = 1;
				GENERATE_INFOPLIST_FILE = YES;
				IPHONEOS_DEPLOYMENT_TARGET = 26.1;
				MARKETING_VERSION = 1.0;
				PRODUCT_BUNDLE_IDENTIFIER = com.sirwellington.ModernImageSearchUIKitTests;
				PRODUCT_NAME = "$(TARGET_NAME)";
				STRING_CATALOG_GENERATE_SYMBOLS = NO;
				SWIFT_APPROACHABLE_CONCURRENCY = YES;
				SWIFT_EMIT_LOC_STRINGS = NO;
				SWIFT_UPCOMING_FEATURE_MEMBER_IMPORT_VISIBILITY = YES;
				SWIFT_VERSION = 5.0;
				TARGETED_DEVICE_FAMILY = "1,2";
				TEST_HOST = "$(BUILT_PRODUCTS_DIR)/ModernImageSearchUIKit.app/$(BUNDLE_EXECUTABLE_FOLDER_PATH)/ModernImageSearchUIKit";
			};
			name = Debug;
		};
		139CCA1A2F20084F0055F485 /* Release */ = {
			isa = XCBuildConfiguration;
			buildSettings = {
				BUNDLE_LOADER = "$(TEST_HOST)";
				CODE_SIGN_STYLE = Automatic;
				CURRENT_PROJECT_VERSION = 1;
				GENERATE_INFOPLIST_FILE = YES;
				IPHONEOS_DEPLOYMENT_TARGET = 26.1;
				MARKETING_VERSION = 1.0;
				PRODUCT_BUNDLE_IDENTIFIER = com.sirwellington.ModernImageSearchUIKitTests;
				PRODUCT_NAME = "$(TARGET_NAME)";
				STRING_CATALOG_GENERATE_SYMBOLS = NO;
				SWIFT_APPROACHABLE_CONCURRENCY = YES;
				SWIFT_EMIT_LOC_STRINGS = NO;
				SWIFT_UPCOMING_FEATURE_MEMBER_IMPORT_VISIBILITY = YES;
				SWIFT_VERSION = 5.0;
				TARGETED_DEVICE_FAMILY = "1,2";
				TEST_HOST = "$(BUILT_PRODUCTS_DIR)/ModernImageSearchUIKit.app/$(BUNDLE_EXECUTABLE_FOLDER_PATH)/ModernImageSearchUIKit";
			};
			name = Release;
		};
		139CCA1C2F20084F0055F485 /* Debug */ = {
			isa = XCBuildConfiguration;
			buildSettings = {
				CODE_SIGN_STYLE = Automatic;
				CURRENT_PROJECT_VERSION = 1;
				GENERATE_INFOPLIST_FILE = YES;
				MARKETING_VERSION = 1.0;
				PRODUCT_BUNDLE_IDENTIFIER = com.sirwellington.ModernImageSearchUIKitUITests;
				PRODUCT_NAME = "$(TARGET_NAME)";
				STRING_CATALOG_GENERATE_SYMBOLS = NO;
				SWIFT_APPROACHABLE_CONCURRENCY = YES;
				SWIFT_EMIT_LOC_STRINGS = NO;
				SWIFT_UPCOMING_FEATURE_MEMBER_IMPORT_VISIBILITY = YES;
				SWIFT_VERSION = 5.0;
				TARGETED_DEVICE_FAMILY = "1,2";
				TEST_TARGET_NAME = ModernImageSearchUIKit;
			};
			name = Debug;
		};
		139CCA1D2F20084F0055F485 /* Release */ = {
			isa = XCBuildConfiguration;
			buildSettings = {
				CODE_SIGN_STYLE = Automatic;
				CURRENT_PROJECT_VERSION = 1;
				GENERATE_INFOPLIST_FILE = YES;
				MARKETING_VERSION = 1.0;
				PRODUCT_BUNDLE_IDENTIFIER = com.sirwellington.ModernImageSearchUIKitUITests;
				PRODUCT_NAME = "$(TARGET_NAME)";
				STRING_CATALOG_GENERATE_SYMBOLS = NO;
				SWIFT_APPROACHABLE_CONCURRENCY = YES;
				SWIFT_EMIT_LOC_STRINGS = NO;
				SWIFT_UPCOMING_FEATURE_MEMBER_IMPORT_VISIBILITY = YES;
				SWIFT_VERSION = 5.0;
				TARGETED_DEVICE_FAMILY = "1,2";
				TEST_TARGET_NAME = ModernImageSearchUIKit;
			};
			name = Release;
		};
/* End XCBuildConfiguration section */

/* Begin XCConfigurationList section */
		139CC9E52F20084C0055F485 /* Build configuration list for PBXProject "ModernImageSearchUIKit" */ = {
			isa = XCConfigurationList;
			buildConfigurations = (
				139CCA162F20084F0055F485 /* Debug */,
				139CCA172F20084F0055F485 /* Release */,
			);
			defaultConfigurationIsVisible = 0;
			defaultConfigurationName = Release;
		};
		139CCA132F20084F0055F485 /* Build configuration list for PBXNativeTarget "ModernImageSearchUIKit" */ = {
			isa = XCConfigurationList;
			buildConfigurations = (
				139CCA142F20084F0055F485 /* Debug */,
				139CCA152F20084F0055F485 /* Release */,
			);
			defaultConfigurationIsVisible = 0;
			defaultConfigurationName = Release;
		};
		139CCA182F20084F0055F485 /* Build configuration list for PBXNativeTarget "ModernImageSearchUIKitTests" */ = {
			isa = XCConfigurationList;
			buildConfigurations = (
				139CCA192F20084F0055F485 /* Debug */,
				139CCA1A2F20084F0055F485 /* Release */,
			);
			defaultConfigurationIsVisible = 0;
			defaultConfigurationName = Release;
		};
		139CCA1B2F20084F0055F485 /* Build configuration list for PBXNativeTarget "ModernImageSearchUIKitUITests" */ = {
			isa = XCConfigurationList;
			buildConfigurations = (
				139CCA1C2F20084F0055F485 /* Debug */,
				139CCA1D2F20084F0055F485 /* Release */,
			);
			defaultConfigurationIsVisible = 0;
			defaultConfigurationName = Release;
		};
/* End XCConfigurationList section */
	};
	rootObject = 139CC9E22F20084C0055F485 /* Project object */;
}
